// !$*UTF8*$!
{
	archiveVersion = 1;
	classes = {
	};
	objectVersion = 56;
	objects = {

/* Begin PBXBuildFile section */
		171612412BACAC7F0050561D /* MoviesApp.swift in Sources */ = {isa = PBXBuildFile; fileRef = 171612402BACAC7F0050561D /* MoviesApp.swift */; };
		171612452BACAC800050561D /* Assets.xcassets in Resources */ = {isa = PBXBuildFile; fileRef = 171612442BACAC800050561D /* Assets.xcassets */; };
		171612482BACAC800050561D /* Preview Assets.xcassets in Resources */ = {isa = PBXBuildFile; fileRef = 171612472BACAC800050561D /* Preview Assets.xcassets */; };
		1716125C2BACAC800050561D /* PopularMoviesViewTests.swift in Sources */ = {isa = PBXBuildFile; fileRef = 1716125B2BACAC800050561D /* PopularMoviesViewTests.swift */; };
		171612762BACAD7E0050561D /* ContentState.swift in Sources */ = {isa = PBXBuildFile; fileRef = 171612702BACAD7E0050561D /* ContentState.swift */; };
		1716127C2BACAE9D0050561D /* MoviesRepository.swift in Sources */ = {isa = PBXBuildFile; fileRef = 1716127B2BACAE9D0050561D /* MoviesRepository.swift */; };
		171612802BACCC320050561D /* PopularMoviesView.swift in Sources */ = {isa = PBXBuildFile; fileRef = 1716127F2BACCC320050561D /* PopularMoviesView.swift */; };
		17247A862BACDF7800C7C448 /* TMDBAPI.swift in Sources */ = {isa = PBXBuildFile; fileRef = 17247A852BACDF7800C7C448 /* TMDBAPI.swift */; };
		17247A8A2BACE5D500C7C448 /* MoviesPageResponse.swift in Sources */ = {isa = PBXBuildFile; fileRef = 17247A892BACE5D500C7C448 /* MoviesPageResponse.swift */; };
		17247A8C2BACFBB200C7C448 /* Movie.swift in Sources */ = {isa = PBXBuildFile; fileRef = 17247A8B2BACFBB200C7C448 /* Movie.swift */; };
		17247A8E2BAD045C00C7C448 /* PopularMoviesViewModel.swift in Sources */ = {isa = PBXBuildFile; fileRef = 17247A8D2BAD045C00C7C448 /* PopularMoviesViewModel.swift */; };
		17247A912BAD1BF500C7C448 /* Kingfisher in Frameworks */ = {isa = PBXBuildFile; productRef = 17247A902BAD1BF500C7C448 /* Kingfisher */; };
		17247A942BAD362400C7C448 /* ErrorView.swift in Sources */ = {isa = PBXBuildFile; fileRef = 17247A932BAD362400C7C448 /* ErrorView.swift */; };
		17247A962BAD3FB300C7C448 /* AppError.swift in Sources */ = {isa = PBXBuildFile; fileRef = 17247A952BAD3FB200C7C448 /* AppError.swift */; };
		17247A982BADD8D200C7C448 /* MovieDetailsViewModel.swift in Sources */ = {isa = PBXBuildFile; fileRef = 17247A972BADD8D200C7C448 /* MovieDetailsViewModel.swift */; };
		17247A9A2BADD8DE00C7C448 /* MovieDetailsView.swift in Sources */ = {isa = PBXBuildFile; fileRef = 17247A992BADD8DE00C7C448 /* MovieDetailsView.swift */; };
		17247A9C2BADDEC900C7C448 /* MovieDetails.swift in Sources */ = {isa = PBXBuildFile; fileRef = 17247A9B2BADDEC900C7C448 /* MovieDetails.swift */; };
		17247AA02BADE06900C7C448 /* CastMember.swift in Sources */ = {isa = PBXBuildFile; fileRef = 17247A9F2BADE06900C7C448 /* CastMember.swift */; };
		17247AA22BADE15C00C7C448 /* MovieDetailsResponse.swift in Sources */ = {isa = PBXBuildFile; fileRef = 17247AA12BADE15C00C7C448 /* MovieDetailsResponse.swift */; };
		17247AA42BADEB7C00C7C448 /* MovieCell.swift in Sources */ = {isa = PBXBuildFile; fileRef = 17247AA32BADEB7C00C7C448 /* MovieCell.swift */; };
		17247AA62BADED8700C7C448 /* MoviesGridView.swift in Sources */ = {isa = PBXBuildFile; fileRef = 17247AA52BADED8700C7C448 /* MoviesGridView.swift */; };
		17247AA92BADEDD000C7C448 /* Movie+Mock.swift in Sources */ = {isa = PBXBuildFile; fileRef = 17247AA82BADEDD000C7C448 /* Movie+Mock.swift */; };
		17247AAB2BADF36100C7C448 /* BackdropView.swift in Sources */ = {isa = PBXBuildFile; fileRef = 17247AAA2BADF36100C7C448 /* BackdropView.swift */; };
		17247AAD2BADF3B500C7C448 /* MovieDetails+Mock.swift in Sources */ = {isa = PBXBuildFile; fileRef = 17247AAC2BADF3B500C7C448 /* MovieDetails+Mock.swift */; };
		17247AAF2BAE0E7900C7C448 /* CastMemberCell.swift in Sources */ = {isa = PBXBuildFile; fileRef = 17247AAE2BAE0E7900C7C448 /* CastMemberCell.swift */; };
		17247AB12BAE0F3E00C7C448 /* CastMember+Mock.swift in Sources */ = {isa = PBXBuildFile; fileRef = 17247AB02BAE0F3E00C7C448 /* CastMember+Mock.swift */; };
		17247AB32BAE12C300C7C448 /* CastGridView.swift in Sources */ = {isa = PBXBuildFile; fileRef = 17247AB22BAE12C300C7C448 /* CastGridView.swift */; };
		17247AB82BAE38B200C7C448 /* CacheProvider.swift in Sources */ = {isa = PBXBuildFile; fileRef = 17247AB72BAE38B200C7C448 /* CacheProvider.swift */; };
		17B7B9E42BAE6E0100BA170F /* PopularMoviesViewModelTests.swift in Sources */ = {isa = PBXBuildFile; fileRef = 17B7B9E32BAE6E0100BA170F /* PopularMoviesViewModelTests.swift */; };
		17B7B9E82BAE87F600BA170F /* MovieDetailsPresentation.swift in Sources */ = {isa = PBXBuildFile; fileRef = 17B7B9E72BAE87F600BA170F /* MovieDetailsPresentation.swift */; };
		17B7B9EC2BAEAB4700BA170F /* MovieDetailsViewModelTests.swift in Sources */ = {isa = PBXBuildFile; fileRef = 17B7B9EB2BAEAB4700BA170F /* MovieDetailsViewModelTests.swift */; };
		17B7B9F32BAEB6BF00BA170F /* TMDBMoviesRepositoryTests.swift in Sources */ = {isa = PBXBuildFile; fileRef = 17B7B9F22BAEB6BF00BA170F /* TMDBMoviesRepositoryTests.swift */; };
		17B7B9F62BAED3A700BA170F /* MovieDetailsViewTests.swift in Sources */ = {isa = PBXBuildFile; fileRef = 17B7B9F52BAED3A700BA170F /* MovieDetailsViewTests.swift */; };
		17B7B9F82BAEDB8500BA170F /* CacheMoviesRepositoryTests.swift in Sources */ = {isa = PBXBuildFile; fileRef = 17B7B9F72BAEDB8500BA170F /* CacheMoviesRepositoryTests.swift */; };
		17B7B9F92BAEDBB600BA170F /* MockAPIProvider.swift in Sources */ = {isa = PBXBuildFile; fileRef = 17B7B9ED2BAEB4FD00BA170F /* MockAPIProvider.swift */; };
		17B7B9FA2BAEDBBB00BA170F /* MockCacheProvider.swift in Sources */ = {isa = PBXBuildFile; fileRef = 17B7B9EF2BAEB51000BA170F /* MockCacheProvider.swift */; };
		17B7B9FB2BAEDBC000BA170F /* MockMoviesRepository.swift in Sources */ = {isa = PBXBuildFile; fileRef = 17B7B9E52BAE6E6F00BA170F /* MockMoviesRepository.swift */; };
/* End PBXBuildFile section */

/* Begin PBXContainerItemProxy section */
		1716124E2BACAC800050561D /* PBXContainerItemProxy */ = {
			isa = PBXContainerItemProxy;
			containerPortal = 171612352BACAC7F0050561D /* Project object */;
			proxyType = 1;
			remoteGlobalIDString = 1716123C2BACAC7F0050561D;
			remoteInfo = Movies;
		};
		171612582BACAC800050561D /* PBXContainerItemProxy */ = {
			isa = PBXContainerItemProxy;
			containerPortal = 171612352BACAC7F0050561D /* Project object */;
			proxyType = 1;
			remoteGlobalIDString = 1716123C2BACAC7F0050561D;
			remoteInfo = Movies;
		};
/* End PBXContainerItemProxy section */

/* Begin PBXFileReference section */
		1716123D2BACAC7F0050561D /* Movies.app */ = {isa = PBXFileReference; explicitFileType = wrapper.application; includeInIndex = 0; path = Movies.app; sourceTree = BUILT_PRODUCTS_DIR; };
		171612402BACAC7F0050561D /* MoviesApp.swift */ = {isa = PBXFileReference; lastKnownFileType = sourcecode.swift; path = MoviesApp.swift; sourceTree = "<group>"; };
		171612442BACAC800050561D /* Assets.xcassets */ = {isa = PBXFileReference; lastKnownFileType = folder.assetcatalog; path = Assets.xcassets; sourceTree = "<group>"; };
		171612472BACAC800050561D /* Preview Assets.xcassets */ = {isa = PBXFileReference; lastKnownFileType = folder.assetcatalog; path = "Preview Assets.xcassets"; sourceTree = "<group>"; };
		1716124D2BACAC800050561D /* MoviesTests.xctest */ = {isa = PBXFileReference; explicitFileType = wrapper.cfbundle; includeInIndex = 0; path = MoviesTests.xctest; sourceTree = BUILT_PRODUCTS_DIR; };
		171612572BACAC800050561D /* MoviesUITests.xctest */ = {isa = PBXFileReference; explicitFileType = wrapper.cfbundle; includeInIndex = 0; path = MoviesUITests.xctest; sourceTree = BUILT_PRODUCTS_DIR; };
		1716125B2BACAC800050561D /* PopularMoviesViewTests.swift */ = {isa = PBXFileReference; lastKnownFileType = sourcecode.swift; path = PopularMoviesViewTests.swift; sourceTree = "<group>"; };
		171612702BACAD7E0050561D /* ContentState.swift */ = {isa = PBXFileReference; fileEncoding = 4; lastKnownFileType = sourcecode.swift; path = ContentState.swift; sourceTree = "<group>"; };
		1716127B2BACAE9D0050561D /* MoviesRepository.swift */ = {isa = PBXFileReference; lastKnownFileType = sourcecode.swift; path = MoviesRepository.swift; sourceTree = "<group>"; };
		1716127F2BACCC320050561D /* PopularMoviesView.swift */ = {isa = PBXFileReference; lastKnownFileType = sourcecode.swift; path = PopularMoviesView.swift; sourceTree = "<group>"; };
		17247A852BACDF7800C7C448 /* TMDBAPI.swift */ = {isa = PBXFileReference; lastKnownFileType = sourcecode.swift; path = TMDBAPI.swift; sourceTree = "<group>"; };
		17247A872BACDFB800C7C448 /* Info.plist */ = {isa = PBXFileReference; lastKnownFileType = text.plist.xml; path = Info.plist; sourceTree = "<group>"; };
		17247A892BACE5D500C7C448 /* MoviesPageResponse.swift */ = {isa = PBXFileReference; lastKnownFileType = sourcecode.swift; path = MoviesPageResponse.swift; sourceTree = "<group>"; };
		17247A8B2BACFBB200C7C448 /* Movie.swift */ = {isa = PBXFileReference; lastKnownFileType = sourcecode.swift; path = Movie.swift; sourceTree = "<group>"; };
		17247A8D2BAD045C00C7C448 /* PopularMoviesViewModel.swift */ = {isa = PBXFileReference; lastKnownFileType = sourcecode.swift; path = PopularMoviesViewModel.swift; sourceTree = "<group>"; };
		17247A932BAD362400C7C448 /* ErrorView.swift */ = {isa = PBXFileReference; lastKnownFileType = sourcecode.swift; path = ErrorView.swift; sourceTree = "<group>"; };
		17247A952BAD3FB200C7C448 /* AppError.swift */ = {isa = PBXFileReference; lastKnownFileType = sourcecode.swift; path = AppError.swift; sourceTree = "<group>"; };
		17247A972BADD8D200C7C448 /* MovieDetailsViewModel.swift */ = {isa = PBXFileReference; lastKnownFileType = sourcecode.swift; path = MovieDetailsViewModel.swift; sourceTree = "<group>"; };
		17247A992BADD8DE00C7C448 /* MovieDetailsView.swift */ = {isa = PBXFileReference; lastKnownFileType = sourcecode.swift; path = MovieDetailsView.swift; sourceTree = "<group>"; };
		17247A9B2BADDEC900C7C448 /* MovieDetails.swift */ = {isa = PBXFileReference; lastKnownFileType = sourcecode.swift; path = MovieDetails.swift; sourceTree = "<group>"; };
		17247A9F2BADE06900C7C448 /* CastMember.swift */ = {isa = PBXFileReference; lastKnownFileType = sourcecode.swift; path = CastMember.swift; sourceTree = "<group>"; };
		17247AA12BADE15C00C7C448 /* MovieDetailsResponse.swift */ = {isa = PBXFileReference; lastKnownFileType = sourcecode.swift; path = MovieDetailsResponse.swift; sourceTree = "<group>"; };
		17247AA32BADEB7C00C7C448 /* MovieCell.swift */ = {isa = PBXFileReference; lastKnownFileType = sourcecode.swift; path = MovieCell.swift; sourceTree = "<group>"; };
		17247AA52BADED8700C7C448 /* MoviesGridView.swift */ = {isa = PBXFileReference; lastKnownFileType = sourcecode.swift; path = MoviesGridView.swift; sourceTree = "<group>"; };
		17247AA82BADEDD000C7C448 /* Movie+Mock.swift */ = {isa = PBXFileReference; lastKnownFileType = sourcecode.swift; path = "Movie+Mock.swift"; sourceTree = "<group>"; };
		17247AAA2BADF36100C7C448 /* BackdropView.swift */ = {isa = PBXFileReference; lastKnownFileType = sourcecode.swift; path = BackdropView.swift; sourceTree = "<group>"; };
		17247AAC2BADF3B500C7C448 /* MovieDetails+Mock.swift */ = {isa = PBXFileReference; lastKnownFileType = sourcecode.swift; path = "MovieDetails+Mock.swift"; sourceTree = "<group>"; };
		17247AAE2BAE0E7900C7C448 /* CastMemberCell.swift */ = {isa = PBXFileReference; lastKnownFileType = sourcecode.swift; path = CastMemberCell.swift; sourceTree = "<group>"; };
		17247AB02BAE0F3E00C7C448 /* CastMember+Mock.swift */ = {isa = PBXFileReference; lastKnownFileType = sourcecode.swift; path = "CastMember+Mock.swift"; sourceTree = "<group>"; };
		17247AB22BAE12C300C7C448 /* CastGridView.swift */ = {isa = PBXFileReference; lastKnownFileType = sourcecode.swift; path = CastGridView.swift; sourceTree = "<group>"; };
		17247AB72BAE38B200C7C448 /* CacheProvider.swift */ = {isa = PBXFileReference; lastKnownFileType = sourcecode.swift; path = CacheProvider.swift; sourceTree = "<group>"; };
		17B7B9E32BAE6E0100BA170F /* PopularMoviesViewModelTests.swift */ = {isa = PBXFileReference; lastKnownFileType = sourcecode.swift; path = PopularMoviesViewModelTests.swift; sourceTree = "<group>"; };
		17B7B9E52BAE6E6F00BA170F /* MockMoviesRepository.swift */ = {isa = PBXFileReference; lastKnownFileType = sourcecode.swift; path = MockMoviesRepository.swift; sourceTree = "<group>"; };
		17B7B9E72BAE87F600BA170F /* MovieDetailsPresentation.swift */ = {isa = PBXFileReference; lastKnownFileType = sourcecode.swift; path = MovieDetailsPresentation.swift; sourceTree = "<group>"; };
		17B7B9EB2BAEAB4700BA170F /* MovieDetailsViewModelTests.swift */ = {isa = PBXFileReference; lastKnownFileType = sourcecode.swift; path = MovieDetailsViewModelTests.swift; sourceTree = "<group>"; };
		17B7B9ED2BAEB4FD00BA170F /* MockAPIProvider.swift */ = {isa = PBXFileReference; lastKnownFileType = sourcecode.swift; path = MockAPIProvider.swift; sourceTree = "<group>"; };
		17B7B9EF2BAEB51000BA170F /* MockCacheProvider.swift */ = {isa = PBXFileReference; lastKnownFileType = sourcecode.swift; path = MockCacheProvider.swift; sourceTree = "<group>"; };
		17B7B9F22BAEB6BF00BA170F /* TMDBMoviesRepositoryTests.swift */ = {isa = PBXFileReference; lastKnownFileType = sourcecode.swift; path = TMDBMoviesRepositoryTests.swift; sourceTree = "<group>"; };
		17B7B9F52BAED3A700BA170F /* MovieDetailsViewTests.swift */ = {isa = PBXFileReference; lastKnownFileType = sourcecode.swift; path = MovieDetailsViewTests.swift; sourceTree = "<group>"; };
		17B7B9F72BAEDB8500BA170F /* CacheMoviesRepositoryTests.swift */ = {isa = PBXFileReference; lastKnownFileType = sourcecode.swift; path = CacheMoviesRepositoryTests.swift; sourceTree = "<group>"; };
		17B7B9FE2BAEEB2E00BA170F /* README.md */ = {isa = PBXFileReference; lastKnownFileType = net.daringfireball.markdown; path = README.md; sourceTree = "<group>"; };
/* End PBXFileReference section */

/* Begin PBXFrameworksBuildPhase section */
		1716123A2BACAC7F0050561D /* Frameworks */ = {
			isa = PBXFrameworksBuildPhase;
			buildActionMask = 2147483647;
			files = (
				17247A912BAD1BF500C7C448 /* Kingfisher in Frameworks */,
			);
			runOnlyForDeploymentPostprocessing = 0;
		};
		1716124A2BACAC800050561D /* Frameworks */ = {
			isa = PBXFrameworksBuildPhase;
			buildActionMask = 2147483647;
			files = (
			);
			runOnlyForDeploymentPostprocessing = 0;
		};
		171612542BACAC800050561D /* Frameworks */ = {
			isa = PBXFrameworksBuildPhase;
			buildActionMask = 2147483647;
			files = (
			);
			runOnlyForDeploymentPostprocessing = 0;
		};
/* End PBXFrameworksBuildPhase section */

/* Begin PBXGroup section */
		171612342BACAC7F0050561D = {
			isa = PBXGroup;
			children = (
				1716123F2BACAC7F0050561D /* Movies */,
				171612502BACAC800050561D /* MoviesTests */,
				1716125A2BACAC800050561D /* MoviesUITests */,
				17B7B9FE2BAEEB2E00BA170F /* README.md */,
				1716123E2BACAC7F0050561D /* Products */,
			);
			sourceTree = "<group>";
		};
		1716123E2BACAC7F0050561D /* Products */ = {
			isa = PBXGroup;
			children = (
				1716123D2BACAC7F0050561D /* Movies.app */,
				1716124D2BACAC800050561D /* MoviesTests.xctest */,
				171612572BACAC800050561D /* MoviesUITests.xctest */,
			);
			name = Products;
			sourceTree = "<group>";
		};
		1716123F2BACAC7F0050561D /* Movies */ = {
			isa = PBXGroup;
			children = (
				171612462BACAC800050561D /* Preview Content */,
				1716126A2BACACE00050561D /* Resources */,
				1716126B2BACACEE0050561D /* Source */,
				171612402BACAC7F0050561D /* MoviesApp.swift */,
				17247A872BACDFB800C7C448 /* Info.plist */,
			);
			path = Movies;
			sourceTree = "<group>";
		};
		171612462BACAC800050561D /* Preview Content */ = {
			isa = PBXGroup;
			children = (
				17247AA72BADEDC500C7C448 /* Mocks */,
				171612472BACAC800050561D /* Preview Assets.xcassets */,
			);
			path = "Preview Content";
			sourceTree = "<group>";
		};
		171612502BACAC800050561D /* MoviesTests */ = {
			isa = PBXGroup;
			children = (
				17B7B9F42BAED01C00BA170F /* Mocks */,
				17B7B9F72BAEDB8500BA170F /* CacheMoviesRepositoryTests.swift */,
				17B7B9EB2BAEAB4700BA170F /* MovieDetailsViewModelTests.swift */,
				17B7B9E32BAE6E0100BA170F /* PopularMoviesViewModelTests.swift */,
				17B7B9F22BAEB6BF00BA170F /* TMDBMoviesRepositoryTests.swift */,
			);
			path = MoviesTests;
			sourceTree = "<group>";
		};
		1716125A2BACAC800050561D /* MoviesUITests */ = {
			isa = PBXGroup;
			children = (
				1716125B2BACAC800050561D /* PopularMoviesViewTests.swift */,
				17B7B9F52BAED3A700BA170F /* MovieDetailsViewTests.swift */,
			);
			path = MoviesUITests;
			sourceTree = "<group>";
		};
		1716126A2BACACE00050561D /* Resources */ = {
			isa = PBXGroup;
			children = (
				171612442BACAC800050561D /* Assets.xcassets */,
			);
			path = Resources;
			sourceTree = "<group>";
		};
		1716126B2BACACEE0050561D /* Source */ = {
			isa = PBXGroup;
			children = (
				171612722BACAD7E0050561D /* Models */,
				171612772BACADB00050561D /* Network */,
				171612792BACAE0C0050561D /* Repositories */,
				171612782BACAE020050561D /* Scenes */,
				1716127A2BACAE160050561D /* Services */,
				17247A922BAD360E00C7C448 /* Views */,
			);
			path = Source;
			sourceTree = "<group>";
		};
		1716126D2BACAD7E0050561D /* Domain */ = {
			isa = PBXGroup;
			children = (
				17247A9F2BADE06900C7C448 /* CastMember.swift */,
				17247A8B2BACFBB200C7C448 /* Movie.swift */,
				17247A9B2BADDEC900C7C448 /* MovieDetails.swift */,
			);
			path = Domain;
			sourceTree = "<group>";
		};
		171612712BACAD7E0050561D /* Views */ = {
			isa = PBXGroup;
			children = (
				171612702BACAD7E0050561D /* ContentState.swift */,
				17B7B9E72BAE87F600BA170F /* MovieDetailsPresentation.swift */,
			);
			path = Views;
			sourceTree = "<group>";
		};
		171612722BACAD7E0050561D /* Models */ = {
			isa = PBXGroup;
			children = (
				1716126D2BACAD7E0050561D /* Domain */,
				171612712BACAD7E0050561D /* Views */,
				17247A952BAD3FB200C7C448 /* AppError.swift */,
			);
			path = Models;
			sourceTree = "<group>";
		};
		171612772BACADB00050561D /* Network */ = {
			isa = PBXGroup;
			children = (
				17247A852BACDF7800C7C448 /* TMDBAPI.swift */,
			);
			path = Network;
			sourceTree = "<group>";
		};
		171612782BACAE020050561D /* Scenes */ = {
			isa = PBXGroup;
			children = (
				1716127D2BACCBCE0050561D /* Popular Movies */,
				1716127E2BACCBF90050561D /* Movie Details */,
			);
			path = Scenes;
			sourceTree = "<group>";
		};
		171612792BACAE0C0050561D /* Repositories */ = {
			isa = PBXGroup;
			children = (
				17247AB62BAE38A500C7C448 /* Cache */,
				17247A882BACE52600C7C448 /* Responses */,
				1716127B2BACAE9D0050561D /* MoviesRepository.swift */,
			);
			path = Repositories;
			sourceTree = "<group>";
		};
		1716127A2BACAE160050561D /* Services */ = {
			isa = PBXGroup;
			children = (
			);
			path = Services;
			sourceTree = "<group>";
		};
		1716127D2BACCBCE0050561D /* Popular Movies */ = {
			isa = PBXGroup;
			children = (
				1716127F2BACCC320050561D /* PopularMoviesView.swift */,
				17247A8D2BAD045C00C7C448 /* PopularMoviesViewModel.swift */,
			);
			path = "Popular Movies";
			sourceTree = "<group>";
		};
		1716127E2BACCBF90050561D /* Movie Details */ = {
			isa = PBXGroup;
			children = (
				17247A992BADD8DE00C7C448 /* MovieDetailsView.swift */,
				17247A972BADD8D200C7C448 /* MovieDetailsViewModel.swift */,
			);
			path = "Movie Details";
			sourceTree = "<group>";
		};
		17247A882BACE52600C7C448 /* Responses */ = {
			isa = PBXGroup;
			children = (
				17247A892BACE5D500C7C448 /* MoviesPageResponse.swift */,
				17247AA12BADE15C00C7C448 /* MovieDetailsResponse.swift */,
			);
			path = Responses;
			sourceTree = "<group>";
		};
		17247A922BAD360E00C7C448 /* Views */ = {
			isa = PBXGroup;
			children = (
				17247AAA2BADF36100C7C448 /* BackdropView.swift */,
				17247AB22BAE12C300C7C448 /* CastGridView.swift */,
				17247AAE2BAE0E7900C7C448 /* CastMemberCell.swift */,
				17247A932BAD362400C7C448 /* ErrorView.swift */,
				17247AA32BADEB7C00C7C448 /* MovieCell.swift */,
				17247AA52BADED8700C7C448 /* MoviesGridView.swift */,
			);
			path = Views;
			sourceTree = "<group>";
		};
		17247AA72BADEDC500C7C448 /* Mocks */ = {
			isa = PBXGroup;
			children = (
				17247AB02BAE0F3E00C7C448 /* CastMember+Mock.swift */,
				17247AA82BADEDD000C7C448 /* Movie+Mock.swift */,
				17247AAC2BADF3B500C7C448 /* MovieDetails+Mock.swift */,
			);
			path = Mocks;
			sourceTree = "<group>";
		};
		17247AB62BAE38A500C7C448 /* Cache */ = {
			isa = PBXGroup;
			children = (
				17247AB72BAE38B200C7C448 /* CacheProvider.swift */,
			);
			path = Cache;
			sourceTree = "<group>";
		};
		17B7B9F42BAED01C00BA170F /* Mocks */ = {
			isa = PBXGroup;
			children = (
				17B7B9ED2BAEB4FD00BA170F /* MockAPIProvider.swift */,
				17B7B9EF2BAEB51000BA170F /* MockCacheProvider.swift */,
				17B7B9E52BAE6E6F00BA170F /* MockMoviesRepository.swift */,
			);
			path = Mocks;
			sourceTree = "<group>";
		};
/* End PBXGroup section */

/* Begin PBXNativeTarget section */
		1716123C2BACAC7F0050561D /* Movies */ = {
			isa = PBXNativeTarget;
			buildConfigurationList = 171612612BACAC800050561D /* Build configuration list for PBXNativeTarget "Movies" */;
			buildPhases = (
				171612392BACAC7F0050561D /* Sources */,
				1716123A2BACAC7F0050561D /* Frameworks */,
				1716123B2BACAC7F0050561D /* Resources */,
			);
			buildRules = (
			);
			dependencies = (
			);
			name = Movies;
			packageProductDependencies = (
				17247A902BAD1BF500C7C448 /* Kingfisher */,
			);
			productName = Movies;
			productReference = 1716123D2BACAC7F0050561D /* Movies.app */;
			productType = "com.apple.product-type.application";
		};
		1716124C2BACAC800050561D /* MoviesTests */ = {
			isa = PBXNativeTarget;
			buildConfigurationList = 171612642BACAC800050561D /* Build configuration list for PBXNativeTarget "MoviesTests" */;
			buildPhases = (
				171612492BACAC800050561D /* Sources */,
				1716124A2BACAC800050561D /* Frameworks */,
				1716124B2BACAC800050561D /* Resources */,
			);
			buildRules = (
			);
			dependencies = (
				1716124F2BACAC800050561D /* PBXTargetDependency */,
			);
			name = MoviesTests;
			productName = MoviesTests;
			productReference = 1716124D2BACAC800050561D /* MoviesTests.xctest */;
			productType = "com.apple.product-type.bundle.unit-test";
		};
		171612562BACAC800050561D /* MoviesUITests */ = {
			isa = PBXNativeTarget;
			buildConfigurationList = 171612672BACAC800050561D /* Build configuration list for PBXNativeTarget "MoviesUITests" */;
			buildPhases = (
				171612532BACAC800050561D /* Sources */,
				171612542BACAC800050561D /* Frameworks */,
				171612552BACAC800050561D /* Resources */,
			);
			buildRules = (
			);
			dependencies = (
				171612592BACAC800050561D /* PBXTargetDependency */,
			);
			name = MoviesUITests;
			productName = MoviesUITests;
			productReference = 171612572BACAC800050561D /* MoviesUITests.xctest */;
			productType = "com.apple.product-type.bundle.ui-testing";
		};
/* End PBXNativeTarget section */

/* Begin PBXProject section */
		171612352BACAC7F0050561D /* Project object */ = {
			isa = PBXProject;
			attributes = {
				BuildIndependentTargetsInParallel = 1;
				LastSwiftUpdateCheck = 1530;
				LastUpgradeCheck = 1530;
				TargetAttributes = {
					1716123C2BACAC7F0050561D = {
						CreatedOnToolsVersion = 15.3;
					};
					1716124C2BACAC800050561D = {
						CreatedOnToolsVersion = 15.3;
						TestTargetID = 1716123C2BACAC7F0050561D;
					};
					171612562BACAC800050561D = {
						CreatedOnToolsVersion = 15.3;
						TestTargetID = 1716123C2BACAC7F0050561D;
					};
				};
			};
			buildConfigurationList = 171612382BACAC7F0050561D /* Build configuration list for PBXProject "Movies" */;
			compatibilityVersion = "Xcode 14.0";
			developmentRegion = en;
			hasScannedForEncodings = 0;
			knownRegions = (
				en,
				Base,
			);
			mainGroup = 171612342BACAC7F0050561D;
			packageReferences = (
				17247A8F2BAD1BF500C7C448 /* XCRemoteSwiftPackageReference "Kingfisher" */,
			);
			productRefGroup = 1716123E2BACAC7F0050561D /* Products */;
			projectDirPath = "";
			projectRoot = "";
			targets = (
				1716123C2BACAC7F0050561D /* Movies */,
				1716124C2BACAC800050561D /* MoviesTests */,
				171612562BACAC800050561D /* MoviesUITests */,
			);
		};
/* End PBXProject section */

/* Begin PBXResourcesBuildPhase section */
		1716123B2BACAC7F0050561D /* Resources */ = {
			isa = PBXResourcesBuildPhase;
			buildActionMask = 2147483647;
			files = (
				171612482BACAC800050561D /* Preview Assets.xcassets in Resources */,
				171612452BACAC800050561D /* Assets.xcassets in Resources */,
			);
			runOnlyForDeploymentPostprocessing = 0;
		};
		1716124B2BACAC800050561D /* Resources */ = {
			isa = PBXResourcesBuildPhase;
			buildActionMask = 2147483647;
			files = (
			);
			runOnlyForDeploymentPostprocessing = 0;
		};
		171612552BACAC800050561D /* Resources */ = {
			isa = PBXResourcesBuildPhase;
			buildActionMask = 2147483647;
			files = (
			);
			runOnlyForDeploymentPostprocessing = 0;
		};
/* End PBXResourcesBuildPhase section */

/* Begin PBXSourcesBuildPhase section */
		171612392BACAC7F0050561D /* Sources */ = {
			isa = PBXSourcesBuildPhase;
			buildActionMask = 2147483647;
			files = (
				17247AB12BAE0F3E00C7C448 /* CastMember+Mock.swift in Sources */,
				17247AA92BADEDD000C7C448 /* Movie+Mock.swift in Sources */,
				17247AA62BADED8700C7C448 /* MoviesGridView.swift in Sources */,
				1716127C2BACAE9D0050561D /* MoviesRepository.swift in Sources */,
				17247AAF2BAE0E7900C7C448 /* CastMemberCell.swift in Sources */,
				17247A9C2BADDEC900C7C448 /* MovieDetails.swift in Sources */,
				17247AA42BADEB7C00C7C448 /* MovieCell.swift in Sources */,
				17247A8A2BACE5D500C7C448 /* MoviesPageResponse.swift in Sources */,
				171612762BACAD7E0050561D /* ContentState.swift in Sources */,
				171612802BACCC320050561D /* PopularMoviesView.swift in Sources */,
				17247AAD2BADF3B500C7C448 /* MovieDetails+Mock.swift in Sources */,
				17247A9A2BADD8DE00C7C448 /* MovieDetailsView.swift in Sources */,
				17247A962BAD3FB300C7C448 /* AppError.swift in Sources */,
				17247A942BAD362400C7C448 /* ErrorView.swift in Sources */,
				17247AA22BADE15C00C7C448 /* MovieDetailsResponse.swift in Sources */,
				171612412BACAC7F0050561D /* MoviesApp.swift in Sources */,
				17247A982BADD8D200C7C448 /* MovieDetailsViewModel.swift in Sources */,
				17247AB32BAE12C300C7C448 /* CastGridView.swift in Sources */,
				17247A8C2BACFBB200C7C448 /* Movie.swift in Sources */,
				17247A862BACDF7800C7C448 /* TMDBAPI.swift in Sources */,
				17247AA02BADE06900C7C448 /* CastMember.swift in Sources */,
				17247AAB2BADF36100C7C448 /* BackdropView.swift in Sources */,
				17B7B9E82BAE87F600BA170F /* MovieDetailsPresentation.swift in Sources */,
				17247AB82BAE38B200C7C448 /* CacheProvider.swift in Sources */,
				17247A8E2BAD045C00C7C448 /* PopularMoviesViewModel.swift in Sources */,
			);
			runOnlyForDeploymentPostprocessing = 0;
		};
		171612492BACAC800050561D /* Sources */ = {
			isa = PBXSourcesBuildPhase;
			buildActionMask = 2147483647;
			files = (
				17B7B9F92BAEDBB600BA170F /* MockAPIProvider.swift in Sources */,
				17B7B9EC2BAEAB4700BA170F /* MovieDetailsViewModelTests.swift in Sources */,
				17B7B9FB2BAEDBC000BA170F /* MockMoviesRepository.swift in Sources */,
				17B7B9E42BAE6E0100BA170F /* PopularMoviesViewModelTests.swift in Sources */,
				17B7B9FA2BAEDBBB00BA170F /* MockCacheProvider.swift in Sources */,
				17B7B9F82BAEDB8500BA170F /* CacheMoviesRepositoryTests.swift in Sources */,
				17B7B9F32BAEB6BF00BA170F /* TMDBMoviesRepositoryTests.swift in Sources */,
			);
			runOnlyForDeploymentPostprocessing = 0;
		};
		171612532BACAC800050561D /* Sources */ = {
			isa = PBXSourcesBuildPhase;
			buildActionMask = 2147483647;
			files = (
				17B7B9F62BAED3A700BA170F /* MovieDetailsViewTests.swift in Sources */,
				1716125C2BACAC800050561D /* PopularMoviesViewTests.swift in Sources */,
			);
			runOnlyForDeploymentPostprocessing = 0;
		};
/* End PBXSourcesBuildPhase section */

/* Begin PBXTargetDependency section */
		1716124F2BACAC800050561D /* PBXTargetDependency */ = {
			isa = PBXTargetDependency;
			target = 1716123C2BACAC7F0050561D /* Movies */;
			targetProxy = 1716124E2BACAC800050561D /* PBXContainerItemProxy */;
		};
		171612592BACAC800050561D /* PBXTargetDependency */ = {
			isa = PBXTargetDependency;
			target = 1716123C2BACAC7F0050561D /* Movies */;
			targetProxy = 171612582BACAC800050561D /* PBXContainerItemProxy */;
		};
/* End PBXTargetDependency section */

/* Begin XCBuildConfiguration section */
		1716125F2BACAC800050561D /* Debug */ = {
			isa = XCBuildConfiguration;
			buildSettings = {
				ALWAYS_SEARCH_USER_PATHS = NO;
				ASSETCATALOG_COMPILER_GENERATE_SWIFT_ASSET_SYMBOL_EXTENSIONS = YES;
				CLANG_ANALYZER_NONNULL = YES;
				CLANG_ANALYZER_NUMBER_OBJECT_CONVERSION = YES_AGGRESSIVE;
				CLANG_CXX_LANGUAGE_STANDARD = "gnu++20";
				CLANG_ENABLE_MODULES = YES;
				CLANG_ENABLE_OBJC_ARC = YES;
				CLANG_ENABLE_OBJC_WEAK = YES;
				CLANG_WARN_BLOCK_CAPTURE_AUTORELEASING = YES;
				CLANG_WARN_BOOL_CONVERSION = YES;
				CLANG_WARN_COMMA = YES;
				CLANG_WARN_CONSTANT_CONVERSION = YES;
				CLANG_WARN_DEPRECATED_OBJC_IMPLEMENTATIONS = YES;
				CLANG_WARN_DIRECT_OBJC_ISA_USAGE = YES_ERROR;
				CLANG_WARN_DOCUMENTATION_COMMENTS = YES;
				CLANG_WARN_EMPTY_BODY = YES;
				CLANG_WARN_ENUM_CONVERSION = YES;
				CLANG_WARN_INFINITE_RECURSION = YES;
				CLANG_WARN_INT_CONVERSION = YES;
				CLANG_WARN_NON_LITERAL_NULL_CONVERSION = YES;
				CLANG_WARN_OBJC_IMPLICIT_RETAIN_SELF = YES;
				CLANG_WARN_OBJC_LITERAL_CONVERSION = YES;
				CLANG_WARN_OBJC_ROOT_CLASS = YES_ERROR;
				CLANG_WARN_QUOTED_INCLUDE_IN_FRAMEWORK_HEADER = YES;
				CLANG_WARN_RANGE_LOOP_ANALYSIS = YES;
				CLANG_WARN_STRICT_PROTOTYPES = YES;
				CLANG_WARN_SUSPICIOUS_MOVE = YES;
				CLANG_WARN_UNGUARDED_AVAILABILITY = YES_AGGRESSIVE;
				CLANG_WARN_UNREACHABLE_CODE = YES;
				CLANG_WARN__DUPLICATE_METHOD_MATCH = YES;
				COPY_PHASE_STRIP = NO;
				DEBUG_INFORMATION_FORMAT = dwarf;
				ENABLE_STRICT_OBJC_MSGSEND = YES;
				ENABLE_TESTABILITY = YES;
				ENABLE_USER_SCRIPT_SANDBOXING = YES;
				GCC_C_LANGUAGE_STANDARD = gnu17;
				GCC_DYNAMIC_NO_PIC = NO;
				GCC_NO_COMMON_BLOCKS = YES;
				GCC_OPTIMIZATION_LEVEL = 0;
				GCC_PREPROCESSOR_DEFINITIONS = (
					"DEBUG=1",
					"$(inherited)",
				);
				GCC_WARN_64_TO_32_BIT_CONVERSION = YES;
				GCC_WARN_ABOUT_RETURN_TYPE = YES_ERROR;
				GCC_WARN_UNDECLARED_SELECTOR = YES;
				GCC_WARN_UNINITIALIZED_AUTOS = YES_AGGRESSIVE;
				GCC_WARN_UNUSED_FUNCTION = YES;
				GCC_WARN_UNUSED_VARIABLE = YES;
				IPHONEOS_DEPLOYMENT_TARGET = 17.4;
				LOCALIZATION_PREFERS_STRING_CATALOGS = YES;
				MTL_ENABLE_DEBUG_INFO = INCLUDE_SOURCE;
				MTL_FAST_MATH = YES;
				ONLY_ACTIVE_ARCH = YES;
				SDKROOT = iphoneos;
				SWIFT_ACTIVE_COMPILATION_CONDITIONS = "DEBUG $(inherited)";
				SWIFT_OPTIMIZATION_LEVEL = "-Onone";
			};
			name = Debug;
		};
		171612602BACAC800050561D /* Release */ = {
			isa = XCBuildConfiguration;
			buildSettings = {
				ALWAYS_SEARCH_USER_PATHS = NO;
				ASSETCATALOG_COMPILER_GENERATE_SWIFT_ASSET_SYMBOL_EXTENSIONS = YES;
				CLANG_ANALYZER_NONNULL = YES;
				CLANG_ANALYZER_NUMBER_OBJECT_CONVERSION = YES_AGGRESSIVE;
				CLANG_CXX_LANGUAGE_STANDARD = "gnu++20";
				CLANG_ENABLE_MODULES = YES;
				CLANG_ENABLE_OBJC_ARC = YES;
				CLANG_ENABLE_OBJC_WEAK = YES;
				CLANG_WARN_BLOCK_CAPTURE_AUTORELEASING = YES;
				CLANG_WARN_BOOL_CONVERSION = YES;
				CLANG_WARN_COMMA = YES;
				CLANG_WARN_CONSTANT_CONVERSION = YES;
				CLANG_WARN_DEPRECATED_OBJC_IMPLEMENTATIONS = YES;
				CLANG_WARN_DIRECT_OBJC_ISA_USAGE = YES_ERROR;
				CLANG_WARN_DOCUMENTATION_COMMENTS = YES;
				CLANG_WARN_EMPTY_BODY = YES;
				CLANG_WARN_ENUM_CONVERSION = YES;
				CLANG_WARN_INFINITE_RECURSION = YES;
				CLANG_WARN_INT_CONVERSION = YES;
				CLANG_WARN_NON_LITERAL_NULL_CONVERSION = YES;
				CLANG_WARN_OBJC_IMPLICIT_RETAIN_SELF = YES;
				CLANG_WARN_OBJC_LITERAL_CONVERSION = YES;
				CLANG_WARN_OBJC_ROOT_CLASS = YES_ERROR;
				CLANG_WARN_QUOTED_INCLUDE_IN_FRAMEWORK_HEADER = YES;
				CLANG_WARN_RANGE_LOOP_ANALYSIS = YES;
				CLANG_WARN_STRICT_PROTOTYPES = YES;
				CLANG_WARN_SUSPICIOUS_MOVE = YES;
				CLANG_WARN_UNGUARDED_AVAILABILITY = YES_AGGRESSIVE;
				CLANG_WARN_UNREACHABLE_CODE = YES;
				CLANG_WARN__DUPLICATE_METHOD_MATCH = YES;
				COPY_PHASE_STRIP = NO;
				DEBUG_INFORMATION_FORMAT = "dwarf-with-dsym";
				ENABLE_NS_ASSERTIONS = NO;
				ENABLE_STRICT_OBJC_MSGSEND = YES;
				ENABLE_USER_SCRIPT_SANDBOXING = YES;
				GCC_C_LANGUAGE_STANDARD = gnu17;
				GCC_NO_COMMON_BLOCKS = YES;
				GCC_WARN_64_TO_32_BIT_CONVERSION = YES;
				GCC_WARN_ABOUT_RETURN_TYPE = YES_ERROR;
				GCC_WARN_UNDECLARED_SELECTOR = YES;
				GCC_WARN_UNINITIALIZED_AUTOS = YES_AGGRESSIVE;
				GCC_WARN_UNUSED_FUNCTION = YES;
				GCC_WARN_UNUSED_VARIABLE = YES;
				IPHONEOS_DEPLOYMENT_TARGET = 17.4;
				LOCALIZATION_PREFERS_STRING_CATALOGS = YES;
				MTL_ENABLE_DEBUG_INFO = NO;
				MTL_FAST_MATH = YES;
				SDKROOT = iphoneos;
				SWIFT_COMPILATION_MODE = wholemodule;
				VALIDATE_PRODUCT = YES;
			};
			name = Release;
		};
		171612622BACAC800050561D /* Debug */ = {
			isa = XCBuildConfiguration;
			buildSettings = {
				ASSETCATALOG_COMPILER_APPICON_NAME = AppIcon;
				ASSETCATALOG_COMPILER_GLOBAL_ACCENT_COLOR_NAME = AccentColor;
				CODE_SIGN_STYLE = Automatic;
				CURRENT_PROJECT_VERSION = 1;
				DEVELOPMENT_ASSET_PATHS = "\"Movies/Preview Content\"";
				DEVELOPMENT_TEAM = 64V6C3ZR54;
				ENABLE_PREVIEWS = YES;
				GENERATE_INFOPLIST_FILE = YES;
				INFOPLIST_FILE = Movies/Info.plist;
				INFOPLIST_KEY_UIApplicationSceneManifest_Generation = YES;
				INFOPLIST_KEY_UIApplicationSupportsIndirectInputEvents = YES;
				INFOPLIST_KEY_UILaunchScreen_Generation = YES;
				INFOPLIST_KEY_UISupportedInterfaceOrientations = UIInterfaceOrientationPortrait;
				INFOPLIST_KEY_UISupportedInterfaceOrientations_iPad = "UIInterfaceOrientationLandscapeLeft UIInterfaceOrientationLandscapeRight UIInterfaceOrientationPortrait UIInterfaceOrientationPortraitUpsideDown";
				IPHONEOS_DEPLOYMENT_TARGET = 16.0;
				LD_RUNPATH_SEARCH_PATHS = (
					"$(inherited)",
					"@executable_path/Frameworks",
				);
				MARKETING_VERSION = 1.0;
				PRODUCT_BUNDLE_IDENTIFIER = com.abrahamduran.Movies;
				PRODUCT_NAME = "$(TARGET_NAME)";
				SWIFT_EMIT_LOC_STRINGS = YES;
				SWIFT_VERSION = 5.0;
				TARGETED_DEVICE_FAMILY = "1,2";
			};
			name = Debug;
		};
		171612632BACAC800050561D /* Release */ = {
			isa = XCBuildConfiguration;
			buildSettings = {
				ASSETCATALOG_COMPILER_APPICON_NAME = AppIcon;
				ASSETCATALOG_COMPILER_GLOBAL_ACCENT_COLOR_NAME = AccentColor;
				CODE_SIGN_STYLE = Automatic;
				CURRENT_PROJECT_VERSION = 1;
				DEVELOPMENT_ASSET_PATHS = "\"Movies/Preview Content\"";
				DEVELOPMENT_TEAM = 64V6C3ZR54;
				ENABLE_PREVIEWS = YES;
				GENERATE_INFOPLIST_FILE = YES;
				INFOPLIST_FILE = Movies/Info.plist;
				INFOPLIST_KEY_UIApplicationSceneManifest_Generation = YES;
				INFOPLIST_KEY_UIApplicationSupportsIndirectInputEvents = YES;
				INFOPLIST_KEY_UILaunchScreen_Generation = YES;
				INFOPLIST_KEY_UISupportedInterfaceOrientations = UIInterfaceOrientationPortrait;
				INFOPLIST_KEY_UISupportedInterfaceOrientations_iPad = "UIInterfaceOrientationLandscapeLeft UIInterfaceOrientationLandscapeRight UIInterfaceOrientationPortrait UIInterfaceOrientationPortraitUpsideDown";
				IPHONEOS_DEPLOYMENT_TARGET = 16.0;
				LD_RUNPATH_SEARCH_PATHS = (
					"$(inherited)",
					"@executable_path/Frameworks",
				);
				MARKETING_VERSION = 1.0;
				PRODUCT_BUNDLE_IDENTIFIER = com.abrahamduran.Movies;
				PRODUCT_NAME = "$(TARGET_NAME)";
				SWIFT_EMIT_LOC_STRINGS = YES;
				SWIFT_VERSION = 5.0;
				TARGETED_DEVICE_FAMILY = "1,2";
			};
			name = Release;
		};
		171612652BACAC800050561D /* Debug */ = {
			isa = XCBuildConfiguration;
			buildSettings = {
				ALWAYS_EMBED_SWIFT_STANDARD_LIBRARIES = YES;
				BUNDLE_LOADER = "$(TEST_HOST)";
				CODE_SIGN_STYLE = Automatic;
				CURRENT_PROJECT_VERSION = 1;
				DEVELOPMENT_TEAM = 64V6C3ZR54;
				GENERATE_INFOPLIST_FILE = YES;
				IPHONEOS_DEPLOYMENT_TARGET = 17.4;
				MARKETING_VERSION = 1.0;
				PRODUCT_BUNDLE_IDENTIFIER = com.abrahamduran.MoviesTests;
				PRODUCT_NAME = "$(TARGET_NAME)";
				SWIFT_EMIT_LOC_STRINGS = NO;
				SWIFT_VERSION = 5.0;
				TARGETED_DEVICE_FAMILY = "1,2";
				TEST_HOST = "$(BUILT_PRODUCTS_DIR)/Movies.app/$(BUNDLE_EXECUTABLE_FOLDER_PATH)/Movies";
			};
			name = Debug;
		};
		171612662BACAC800050561D /* Release */ = {
			isa = XCBuildConfiguration;
			buildSettings = {
				ALWAYS_EMBED_SWIFT_STANDARD_LIBRARIES = YES;
				BUNDLE_LOADER = "$(TEST_HOST)";
				CODE_SIGN_STYLE = Automatic;
				CURRENT_PROJECT_VERSION = 1;
				DEVELOPMENT_TEAM = 64V6C3ZR54;
				GENERATE_INFOPLIST_FILE = YES;
				IPHONEOS_DEPLOYMENT_TARGET = 17.4;
				MARKETING_VERSION = 1.0;
				PRODUCT_BUNDLE_IDENTIFIER = com.abrahamduran.MoviesTests;
				PRODUCT_NAME = "$(TARGET_NAME)";
				SWIFT_EMIT_LOC_STRINGS = NO;
				SWIFT_VERSION = 5.0;
				TARGETED_DEVICE_FAMILY = "1,2";
				TEST_HOST = "$(BUILT_PRODUCTS_DIR)/Movies.app/$(BUNDLE_EXECUTABLE_FOLDER_PATH)/Movies";
			};
			name = Release;
		};
		171612682BACAC800050561D /* Debug */ = {
			isa = XCBuildConfiguration;
			buildSettings = {
				ALWAYS_EMBED_SWIFT_STANDARD_LIBRARIES = YES;
				CODE_SIGN_STYLE = Automatic;
				CURRENT_PROJECT_VERSION = 1;
				DEVELOPMENT_TEAM = 64V6C3ZR54;
				GENERATE_INFOPLIST_FILE = YES;
				MARKETING_VERSION = 1.0;
				PRODUCT_BUNDLE_IDENTIFIER = com.abrahamduran.MoviesUITests;
				PRODUCT_NAME = "$(TARGET_NAME)";
				SWIFT_EMIT_LOC_STRINGS = NO;
				SWIFT_VERSION = 5.0;
				TARGETED_DEVICE_FAMILY = "1,2";
				TEST_TARGET_NAME = Movies;
			};
			name = Debug;
		};
		171612692BACAC800050561D /* Release */ = {
			isa = XCBuildConfiguration;
			buildSettings = {
				ALWAYS_EMBED_SWIFT_STANDARD_LIBRARIES = YES;
				CODE_SIGN_STYLE = Automatic;
				CURRENT_PROJECT_VERSION = 1;
				DEVELOPMENT_TEAM = 64V6C3ZR54;
				GENERATE_INFOPLIST_FILE = YES;
				MARKETING_VERSION = 1.0;
				PRODUCT_BUNDLE_IDENTIFIER = com.abrahamduran.MoviesUITests;
				PRODUCT_NAME = "$(TARGET_NAME)";
				SWIFT_EMIT_LOC_STRINGS = NO;
				SWIFT_VERSION = 5.0;
				TARGETED_DEVICE_FAMILY = "1,2";
				TEST_TARGET_NAME = Movies;
			};
			name = Release;
		};
/* End XCBuildConfiguration section */

/* Begin XCConfigurationList section */
		171612382BACAC7F0050561D /* Build configuration list for PBXProject "Movies" */ = {
			isa = XCConfigurationList;
			buildConfigurations = (
				1716125F2BACAC800050561D /* Debug */,
				171612602BACAC800050561D /* Release */,
			);
			defaultConfigurationIsVisible = 0;
			defaultConfigurationName = Release;
		};
		171612612BACAC800050561D /* Build configuration list for PBXNativeTarget "Movies" */ = {
			isa = XCConfigurationList;
			buildConfigurations = (
				171612622BACAC800050561D /* Debug */,
				171612632BACAC800050561D /* Release */,
			);
			defaultConfigurationIsVisible = 0;
			defaultConfigurationName = Release;
		};
		171612642BACAC800050561D /* Build configuration list for PBXNativeTarget "MoviesTests" */ = {
			isa = XCConfigurationList;
			buildConfigurations = (
				171612652BACAC800050561D /* Debug */,
				171612662BACAC800050561D /* Release */,
			);
			defaultConfigurationIsVisible = 0;
			defaultConfigurationName = Release;
		};
		171612672BACAC800050561D /* Build configuration list for PBXNativeTarget "MoviesUITests" */ = {
			isa = XCConfigurationList;
			buildConfigurations = (
				171612682BACAC800050561D /* Debug */,
				171612692BACAC800050561D /* Release */,
			);
			defaultConfigurationIsVisible = 0;
			defaultConfigurationName = Release;
		};
/* End XCConfigurationList section */

/* Begin XCRemoteSwiftPackageReference section */
		17247A8F2BAD1BF500C7C448 /* XCRemoteSwiftPackageReference "Kingfisher" */ = {
			isa = XCRemoteSwiftPackageReference;
			repositoryURL = "https://github.com/onevcat/Kingfisher.git";
			requirement = {
				kind = upToNextMajorVersion;
				minimumVersion = 7.11.0;
			};
		};
/* End XCRemoteSwiftPackageReference section */

/* Begin XCSwiftPackageProductDependency section */
		17247A902BAD1BF500C7C448 /* Kingfisher */ = {
			isa = XCSwiftPackageProductDependency;
			package = 17247A8F2BAD1BF500C7C448 /* XCRemoteSwiftPackageReference "Kingfisher" */;
			productName = Kingfisher;
		};
/* End XCSwiftPackageProductDependency section */
	};
	rootObject = 171612352BACAC7F0050561D /* Project object */;
}
